
Microsoft Visual Studio Solution File, Format Version 12.00
# Visual Studio 15
VisualStudioVersion = 15.0.28307.438
MinimumVisualStudioVersion = 10.0.40219.1
Project("{FAE04EC0-301F-11D3-BF4B-00C04F79EFBC}") = "Verndale.CacheBuster", "Verndale.CacheBuster\Verndale.CacheBuster.csproj", "{B156E5F0-AF49-4D41-B91C-1214F64671C3}"
EndProject
Project("{FAE04EC0-301F-11D3-BF4B-00C04F79EFBC}") = "Verndale.CacheBuster.UnitTest.Framework", "Verndale.CacheBuster.UnitTest.Framework\Verndale.CacheBuster.UnitTest.Framework.csproj", "{34F6CD00-74B0-43C4-B881-8BA4A5F0863F}"
EndProject
Global
	GlobalSection(SolutionConfigurationPlatforms) = preSolution
		Debug|Any CPU = Debug|Any CPU
		Dev|Any CPU = Dev|Any CPU
		QA|Any CPU = QA|Any CPU
		Release|Any CPU = Release|Any CPU
		UAT|Any CPU = UAT|Any CPU
	EndGlobalSection
	GlobalSection(ProjectConfigurationPlatforms) = postSolution
		{B156E5F0-AF49-4D41-B91C-1214F64671C3}.Debug|Any CPU.ActiveCfg = Debug|Any CPU
		{B156E5F0-AF49-4D41-B91C-1214F64671C3}.Debug|Any CPU.Build.0 = Debug|Any CPU
		{B156E5F0-AF49-4D41-B91C-1214F64671C3}.Dev|Any CPU.ActiveCfg = Debug|Any CPU
		{B156E5F0-AF49-4D41-B91C-1214F64671C3}.Dev|Any CPU.Build.0 = Debug|Any CPU
		{B156E5F0-AF49-4D41-B91C-1214F64671C3}.QA|Any CPU.ActiveCfg = Release|Any CPU
		{B156E5F0-AF49-4D41-B91C-1214F64671C3}.QA|Any CPU.Build.0 = Release|Any CPU
		{B156E5F0-AF49-4D41-B91C-1214F64671C3}.Release|Any CPU.ActiveCfg = Release|Any CPU
		{B156E5F0-AF49-4D41-B91C-1214F64671C3}.Release|Any CPU.Build.0 = Release|Any CPU
		{B156E5F0-AF49-4D41-B91C-1214F64671C3}.UAT|Any CPU.ActiveCfg = Release|Any CPU
		{B156E5F0-AF49-4D41-B91C-1214F64671C3}.UAT|Any CPU.Build.0 = Release|Any CPU
		{34F6CD00-74B0-43C4-B881-8BA4A5F0863F}.Debug|Any CPU.ActiveCfg = Debug|Any CPU
		{34F6CD00-74B0-43C4-B881-8BA4A5F0863F}.Debug|Any CPU.Build.0 = Debug|Any CPU
		{34F6CD00-74B0-43C4-B881-8BA4A5F0863F}.Dev|Any CPU.ActiveCfg = Debug|Any CPU
		{34F6CD00-74B0-43C4-B881-8BA4A5F0863F}.Dev|Any CPU.Build.0 = Debug|Any CPU
		{34F6CD00-74B0-43C4-B881-8BA4A5F0863F}.QA|Any CPU.ActiveCfg = Release|Any CPU
		{34F6CD00-74B0-43C4-B881-8BA4A5F0863F}.QA|Any CPU.Build.0 = Release|Any CPU
		{34F6CD00-74B0-43C4-B881-8BA4A5F0863F}.Release|Any CPU.ActiveCfg = Release|Any CPU
		{34F6CD00-74B0-43C4-B881-8BA4A5F0863F}.Release|Any CPU.Build.0 = Release|Any CPU
		{34F6CD00-74B0-43C4-B881-8BA4A5F0863F}.UAT|Any CPU.ActiveCfg = Release|Any CPU
		{34F6CD00-74B0-43C4-B881-8BA4A5F0863F}.UAT|Any CPU.Build.0 = Release|Any CPU
	EndGlobalSection
	GlobalSection(SolutionProperties) = preSolution
		HideSolutionNode = FALSE
	EndGlobalSection
	GlobalSection(ExtensibilityGlobals) = postSolution
		SolutionGuid = {5BD83DC2-CC31-4A13-B1C9-19A40F90A06D}
	EndGlobalSection
EndGlobal
